
Microsoft Visual Studio Solution File, Format Version 12.00
# Visual Studio Version 17
VisualStudioVersion = 17.3.32819.101
MinimumVisualStudioVersion = 10.0.40219.1
Project("{9A19103F-16F7-4668-BE54-9A1E7A4F7556}") = "lab.Tests", "lab.Tests\lab.Tests.csproj", "{5ED77CF8-9B69-4059-A19A-3B36E1CACFD9}"
EndProject
Project("{9A19103F-16F7-4668-BE54-9A1E7A4F7556}") = "DemonstrationProgram", "DemonstrationProgram\DemonstrationProgram.csproj", "{9FABFABF-04B6-409E-9864-519EBCE09C0C}"
EndProject
Project("{9A19103F-16F7-4668-BE54-9A1E7A4F7556}") = "CarsAndClocksLibrary", "CarsAndClocksLibrary\CarsAndClocksLibrary.csproj", "{63372EBA-B026-4EC9-BF65-8101D6083CFB}"
EndProject
Global
	GlobalSection(SolutionConfigurationPlatforms) = preSolution
		Debug|Any CPU = Debug|Any CPU
		Release|Any CPU = Release|Any CPU
	EndGlobalSection
	GlobalSection(ProjectConfigurationPlatforms) = postSolution
		{5ED77CF8-9B69-4059-A19A-3B36E1CACFD9}.Debug|Any CPU.ActiveCfg = Debug|Any CPU
		{5ED77CF8-9B69-4059-A19A-3B36E1CACFD9}.Debug|Any CPU.Build.0 = Debug|Any CPU
		{5ED77CF8-9B69-4059-A19A-3B36E1CACFD9}.Release|Any CPU.ActiveCfg = Release|Any CPU
		{5ED77CF8-9B69-4059-A19A-3B36E1CACFD9}.Release|Any CPU.Build.0 = Release|Any CPU
		{9FABFABF-04B6-409E-9864-519EBCE09C0C}.Debug|Any CPU.ActiveCfg = Debug|Any CPU
		{9FABFABF-04B6-409E-9864-519EBCE09C0C}.Debug|Any CPU.Build.0 = Debug|Any CPU
		{9FABFABF-04B6-409E-9864-519EBCE09C0C}.Release|Any CPU.ActiveCfg = Release|Any CPU
		{9FABFABF-04B6-409E-9864-519EBCE09C0C}.Release|Any CPU.Build.0 = Release|Any CPU
		{63372EBA-B026-4EC9-BF65-8101D6083CFB}.Debug|Any CPU.ActiveCfg = Debug|Any CPU
		{63372EBA-B026-4EC9-BF65-8101D6083CFB}.Debug|Any CPU.Build.0 = Debug|Any CPU
		{63372EBA-B026-4EC9-BF65-8101D6083CFB}.Release|Any CPU.ActiveCfg = Release|Any CPU
		{63372EBA-B026-4EC9-BF65-8101D6083CFB}.Release|Any CPU.Build.0 = Release|Any CPU
	EndGlobalSection
	GlobalSection(SolutionProperties) = preSolution
		HideSolutionNode = FALSE
	EndGlobalSection
	GlobalSection(ExtensibilityGlobals) = postSolution
		SolutionGuid = {4A8131AE-CC98-4DE7-A971-8B8883FAF723}
	EndGlobalSection
EndGlobal
